lockfileVersion: '9.0'

settings:
  autoInstallPeers: true
  excludeLinksFromLockfile: false

importers:

  .:
    dependencies:
      '@helios-lang/codec-utils':
        specifier: ^0.3.4
        version: 0.3.4
      '@helios-lang/ledger':
        specifier: ^0.7.15
        version: 0.7.15
      '@helios-lang/tx-utils':
        specifier: ^0.6.22
        version: 0.6.22
      '@helios-lang/type-utils':
        specifier: ^0.3.0
        version: 0.3.0
      '@helios-lang/uplc':
        specifier: ^0.7.17
        version: 0.7.17
    devDependencies:
      '@types/node':
        specifier: ^24.0.14
        version: 24.0.14
      prettier:
        specifier: ^3.4.2
        version: 3.4.2
      typescript:
        specifier: ^5.7.2
        version: 5.7.2

packages:

  '@helios-lang/cbor@0.3.0':
    resolution: {integrity: sha512-+HA54uJWIFV/EYaKTyS1EVw9GqpIYCtWDVwxDhSwWnL67KZTrieRt1/yjgj2FsmnRvZM8fUYfnkFnU/chS117A==}

  '@helios-lang/cbor@0.3.1':
    resolution: {integrity: sha512-BFUA4TKYJ/pOT/L0nXRcuwpKwTUjTvFBXvvpdgQevfyVM7hHOXXJfkO5s5FYjnjs4TFkO2XxuF3YZl9d8k/UVQ==}

  '@helios-lang/codec-utils@0.3.4':
    resolution: {integrity: sha512-YiYwBwkbRmu9/4tqHNGIk/haVb0+MLrwXZc+6/KMwGT5WKzypZSkDgH+aZEdHtdTmYhVyIj9ojBljAhMxi8ezg==}

  '@helios-lang/compiler-utils@0.5.15':
    resolution: {integrity: sha512-tPI92av0d4eOR4a2U1ORNeT2Sanc9AvvoNQn9aZHSSn10rW1AvDnqd7L4Zj0cjc9uT6BD4wFv0jVdr3gECODVQ==}

  '@helios-lang/crypto@0.2.3':
    resolution: {integrity: sha512-Vyauv8fSrev2BFVn5RrHvMtgHzClogWFnX9CPm8024NEzlEL6jrXYiF8VAoegWX46GGZQE2ZEZxZciiKClaR3A==}

  '@helios-lang/era@0.1.4':
    resolution: {integrity: sha512-wBV/qDLvfSwSywaQlo1EdnVhMW7XBSS2AnaOFmpLS/RrA75arn7ngf+MbEsfjQ1qayIPOPdL96M6vzPtauttWA==}

  '@helios-lang/ledger@0.7.15':
    resolution: {integrity: sha512-9u7krHC4TDfzkAB8a1PqRf8n/WSVCvbvnMN/HehC5+jBtB6I4V99FZwHRY/r6H4u/kF4inky9Rdm+YVqjjOY5g==}

  '@helios-lang/tx-utils@0.6.22':
    resolution: {integrity: sha512-WPLPQnPIZ6yi+d2wZ+7HIQbOUqHmbNrHHQURCLtEuboUAHnogP89gen1WN/cCXmlBiey9+Mu1PVuMMk4P3FBtA==}

  '@helios-lang/type-utils@0.2.9':
    resolution: {integrity: sha512-79/aGqD9ZXNXUypDHf+tSSg4PBacovX5Q4U2GXKVcaH5a194PVZJ+Dsz2J5vLREUeSwSM7HLTEysqasyadbtEQ==}

  '@helios-lang/type-utils@0.3.0':
    resolution: {integrity: sha512-7iEzd/6Qw7srA5ye2gveUcNlRA5jpZZ2YGeCOZc93irpFwpZaJl8P35yQfRXTRfX77W5t57Hc+Zmg/I2eGbq2Q==}

  '@helios-lang/uplc@0.7.17':
    resolution: {integrity: sha512-zQuDzOaLX7/KfuCB7TTgvu+dGAu1nTcILjQ5t7IWvNQgOPGZQ8eMs8vt2ytwPniWCEEOE+7a9Tw5cwvEKDn1sg==}

  '@types/node@24.0.14':
    resolution: {integrity: sha512-4zXMWD91vBLGRtHK3YbIoFMia+1nqEz72coM42C5ETjnNCa/heoj7NT1G67iAfOqMmcfhuCZ4uNpyz8EjlAejw==}

  prettier@3.4.2:
    resolution: {integrity: sha512-e9MewbtFo+Fevyuxn/4rrcDAaq0IYxPGLvObpQjiZBMAzB9IGmzlnG9RZy3FFas+eBMu2vA0CszMeduow5dIuQ==}
    engines: {node: '>=14'}
    hasBin: true

  typescript@5.7.2:
    resolution: {integrity: sha512-i5t66RHxDvVN40HfDd1PsEThGNnlMCMT3jMUuoh9/0TaqWevNontacunWyN02LA9/fIbEWlcHZcgTKb9QoaLfg==}
    engines: {node: '>=14.17'}
    hasBin: true

  undici-types@7.8.0:
    resolution: {integrity: sha512-9UJ2xGDvQ43tYyVMpuHlsgApydB8ZKfVYTsLDhXkFL/6gfkp+U8xTGdh8pMJv1SpZna0zxG1DwsKZsreLbXBxw==}

snapshots:

  '@helios-lang/cbor@0.3.0':
    dependencies:
      '@helios-lang/codec-utils': 0.3.4

  '@helios-lang/cbor@0.3.1':
    dependencies:
      '@helios-lang/codec-utils': 0.3.4

  '@helios-lang/codec-utils@0.3.4': {}

  '@helios-lang/compiler-utils@0.5.15':
    dependencies:
      '@helios-lang/codec-utils': 0.3.4
      '@helios-lang/type-utils': 0.2.9

  '@helios-lang/crypto@0.2.3':
    dependencies:
      '@helios-lang/codec-utils': 0.3.4
      '@helios-lang/type-utils': 0.2.9

  '@helios-lang/era@0.1.4': {}

  '@helios-lang/ledger@0.7.15':
    dependencies:
      '@helios-lang/cbor': 0.3.1
      '@helios-lang/codec-utils': 0.3.4
      '@helios-lang/crypto': 0.2.3
      '@helios-lang/type-utils': 0.3.0
      '@helios-lang/uplc': 0.7.17

  '@helios-lang/tx-utils@0.6.22':
    dependencies:
      '@helios-lang/cbor': 0.3.1
      '@helios-lang/codec-utils': 0.3.4
      '@helios-lang/crypto': 0.2.3
      '@helios-lang/ledger': 0.7.15
      '@helios-lang/type-utils': 0.3.0
      '@helios-lang/uplc': 0.7.17

  '@helios-lang/type-utils@0.2.9': {}

  '@helios-lang/type-utils@0.3.0': {}

  '@helios-lang/uplc@0.7.17':
    dependencies:
      '@helios-lang/cbor': 0.3.0
      '@helios-lang/codec-utils': 0.3.4
      '@helios-lang/compiler-utils': 0.5.15
      '@helios-lang/crypto': 0.2.3
      '@helios-lang/era': 0.1.4
      '@helios-lang/type-utils': 0.2.9

  '@types/node@24.0.14':
    dependencies:
      undici-types: 7.8.0

  prettier@3.4.2: {}

  typescript@5.7.2: {}

  undici-types@7.8.0: {}
